// !$*UTF8*$!
{
	archiveVersion = 1;
	classes = {
	};
	objectVersion = 50;
	objects = {

/* Begin PBXBuildFile section */
		DD1490D4270B97FD000ACD8F /* InstructorCell.swift in Sources */ = {isa = PBXBuildFile; fileRef = DD1490D2270B97FD000ACD8F /* InstructorCell.swift */; };
		DD1490D5270B97FD000ACD8F /* InstructorCell.xib in Resources */ = {isa = PBXBuildFile; fileRef = DD1490D3270B97FD000ACD8F /* InstructorCell.xib */; };
		DD1490D8270B983D000ACD8F /* Instructor.swift in Sources */ = {isa = PBXBuildFile; fileRef = DD1490D7270B983D000ACD8F /* Instructor.swift */; };
		DD43124D2719B2390009B35E /* StudentsViewController.swift in Sources */ = {isa = PBXBuildFile; fileRef = DD43124C2719B2390009B35E /* StudentsViewController.swift */; };
		DD5B16CC270A2410007E5C38 /* StudentTableViewCell.swift in Sources */ = {isa = PBXBuildFile; fileRef = DD5B16CA270A2410007E5C38 /* StudentTableViewCell.swift */; };
		DD5B16CD270A2410007E5C38 /* StudentTableViewCell.xib in Resources */ = {isa = PBXBuildFile; fileRef = DD5B16CB270A2410007E5C38 /* StudentTableViewCell.xib */; };
		DD5B16D1270A2465007E5C38 /* Student.swift in Sources */ = {isa = PBXBuildFile; fileRef = DD5B16D0270A2465007E5C38 /* Student.swift */; };
		DD5B16D7270A3F2A007E5C38 /* Instructors.storyboard in Resources */ = {isa = PBXBuildFile; fileRef = DD5B16D6270A3F2A007E5C38 /* Instructors.storyboard */; };
		DD5B16DA270A3F32007E5C38 /* Exams.storyboard in Resources */ = {isa = PBXBuildFile; fileRef = DD5B16D9270A3F32007E5C38 /* Exams.storyboard */; };
		DD5B16E1270A4053007E5C38 /* InstructorsViewController.swift in Sources */ = {isa = PBXBuildFile; fileRef = DD5B16E0270A4053007E5C38 /* InstructorsViewController.swift */; };
		DD5B16E4270A405B007E5C38 /* ExamsViewController.swift in Sources */ = {isa = PBXBuildFile; fileRef = DD5B16E3270A405B007E5C38 /* ExamsViewController.swift */; };
		DD62C83B270A083500910092 /* Groups.storyboard in Resources */ = {isa = PBXBuildFile; fileRef = DD62C83A270A083500910092 /* Groups.storyboard */; };
		DD62C83F270A08A500910092 /* GroupsViewController.swift in Sources */ = {isa = PBXBuildFile; fileRef = DD62C83E270A08A500910092 /* GroupsViewController.swift */; };
		DD62C844270A0D9800910092 /* Group.swift in Sources */ = {isa = PBXBuildFile; fileRef = DD62C843270A0D9800910092 /* Group.swift */; };
		DD62C849270A0E6D00910092 /* GroupCell.swift in Sources */ = {isa = PBXBuildFile; fileRef = DD62C847270A0E6D00910092 /* GroupCell.swift */; };
		DD62C84A270A0E6D00910092 /* GroupCell.xib in Resources */ = {isa = PBXBuildFile; fileRef = DD62C848270A0E6D00910092 /* GroupCell.xib */; };
		DD6DFEE1271C134C0073F63F /* InstructorTableViewCell.swift in Sources */ = {isa = PBXBuildFile; fileRef = DD6DFEDF271C134C0073F63F /* InstructorTableViewCell.swift */; };
		DD6DFEE2271C134C0073F63F /* InstructorTableViewCell.xib in Resources */ = {isa = PBXBuildFile; fileRef = DD6DFEE0271C134C0073F63F /* InstructorTableViewCell.xib */; };
		DD6DFEE5271C1ACF0073F63F /* CreateAdministratorViewController.swift in Sources */ = {isa = PBXBuildFile; fileRef = DD6DFEE4271C1ACF0073F63F /* CreateAdministratorViewController.swift */; };
		DD6DFEE8271C1B990073F63F /* CreateAgreementViewController.swift in Sources */ = {isa = PBXBuildFile; fileRef = DD6DFEE7271C1B990073F63F /* CreateAgreementViewController.swift */; };
		DD6DFEEC271C1BC80073F63F /* CreateTeacherViewController.swift in Sources */ = {isa = PBXBuildFile; fileRef = DD6DFEEB271C1BC80073F63F /* CreateTeacherViewController.swift */; };
		DD6DFEF1271C33CE0073F63F /* Administration.storyboard in Resources */ = {isa = PBXBuildFile; fileRef = DD6DFEF0271C33CE0073F63F /* Administration.storyboard */; };
		DD6DFEF5271C35570073F63F /* AdministrationViewController.swift in Sources */ = {isa = PBXBuildFile; fileRef = DD6DFEF4271C35570073F63F /* AdministrationViewController.swift */; };
		DD6DFF13271C3D650073F63F /* SPAlertView.swift in Sources */ = {isa = PBXBuildFile; fileRef = DD6DFF02271C3D650073F63F /* SPAlertView.swift */; };
		DD6DFF14271C3D650073F63F /* SPAlertLayout.swift in Sources */ = {isa = PBXBuildFile; fileRef = DD6DFF04271C3D650073F63F /* SPAlertLayout.swift */; };
		DD6DFF15271C3D650073F63F /* UILabelExtension.swift in Sources */ = {isa = PBXBuildFile; fileRef = DD6DFF06271C3D650073F63F /* UILabelExtension.swift */; };
		DD6DFF16271C3D650073F63F /* UIFontExtension.swift in Sources */ = {isa = PBXBuildFile; fileRef = DD6DFF07271C3D650073F63F /* UIFontExtension.swift */; };
		DD6DFF17271C3D650073F63F /* SwiftUIExtension.swift in Sources */ = {isa = PBXBuildFile; fileRef = DD6DFF08271C3D650073F63F /* SwiftUIExtension.swift */; };
		DD6DFF18271C3D650073F63F /* SPAlertIconHeartView.swift in Sources */ = {isa = PBXBuildFile; fileRef = DD6DFF0A271C3D650073F63F /* SPAlertIconHeartView.swift */; };
		DD6DFF19271C3D650073F63F /* SPAlertIconErrorView.swift in Sources */ = {isa = PBXBuildFile; fileRef = DD6DFF0B271C3D650073F63F /* SPAlertIconErrorView.swift */; };
		DD6DFF1A271C3D650073F63F /* SPAlertIconDoneView.swift in Sources */ = {isa = PBXBuildFile; fileRef = DD6DFF0C271C3D650073F63F /* SPAlertIconDoneView.swift */; };
		DD6DFF1B271C3D650073F63F /* SPAlertIconPreset.swift in Sources */ = {isa = PBXBuildFile; fileRef = DD6DFF0D271C3D650073F63F /* SPAlertIconPreset.swift */; };
		DD6DFF1C271C3D650073F63F /* SPAlertIconAnimatable.swift in Sources */ = {isa = PBXBuildFile; fileRef = DD6DFF0F271C3D650073F63F /* SPAlertIconAnimatable.swift */; };
		DD6DFF1D271C3D650073F63F /* SPAlertHaptic.swift in Sources */ = {isa = PBXBuildFile; fileRef = DD6DFF11271C3D650073F63F /* SPAlertHaptic.swift */; };
		DD6DFF1E271C3D650073F63F /* SPAlert.swift in Sources */ = {isa = PBXBuildFile; fileRef = DD6DFF12271C3D650073F63F /* SPAlert.swift */; };
		DD6DFF24271C51B30073F63F /* DriverLicense.swift in Sources */ = {isa = PBXBuildFile; fileRef = DD6DFF23271C51B30073F63F /* DriverLicense.swift */; };
		DD6DFF28271C6B190073F63F /* AdministratorTableViewCell.swift in Sources */ = {isa = PBXBuildFile; fileRef = DD6DFF26271C6B190073F63F /* AdministratorTableViewCell.swift */; };
		DD6DFF29271C6B190073F63F /* AdministratorTableViewCell.xib in Resources */ = {isa = PBXBuildFile; fileRef = DD6DFF27271C6B190073F63F /* AdministratorTableViewCell.xib */; };
		DD6DFF2C271C70090073F63F /* Car.swift in Sources */ = {isa = PBXBuildFile; fileRef = DD6DFF2B271C70090073F63F /* Car.swift */; };
		DD6DFF30271C713D0073F63F /* CarTableViewCell.swift in Sources */ = {isa = PBXBuildFile; fileRef = DD6DFF2E271C713D0073F63F /* CarTableViewCell.swift */; };
		DD6DFF31271C713D0073F63F /* CarTableViewCell.xib in Resources */ = {isa = PBXBuildFile; fileRef = DD6DFF2F271C713D0073F63F /* CarTableViewCell.xib */; };
		DD70501E271B7D29005894F3 /* TeacherTableViewCell.swift in Sources */ = {isa = PBXBuildFile; fileRef = DD70501C271B7D29005894F3 /* TeacherTableViewCell.swift */; };
		DD70501F271B7D29005894F3 /* TeacherTableViewCell.xib in Resources */ = {isa = PBXBuildFile; fileRef = DD70501D271B7D29005894F3 /* TeacherTableViewCell.xib */; };
		DD801086270C68A30062955B /* CreateCarViewController.swift in Sources */ = {isa = PBXBuildFile; fileRef = DD801085270C68A20062955B /* CreateCarViewController.swift */; };
		DD801089270C68AF0062955B /* CreateExamViewController.swift in Sources */ = {isa = PBXBuildFile; fileRef = DD801088270C68AF0062955B /* CreateExamViewController.swift */; };
		DD9A0C4F27070A950040C839 /* AppDelegate.swift in Sources */ = {isa = PBXBuildFile; fileRef = DD9A0C4E27070A950040C839 /* AppDelegate.swift */; };
		DD9A0C5127070A950040C839 /* SceneDelegate.swift in Sources */ = {isa = PBXBuildFile; fileRef = DD9A0C5027070A950040C839 /* SceneDelegate.swift */; };
		DD9A0C5627070A950040C839 /* Main.storyboard in Resources */ = {isa = PBXBuildFile; fileRef = DD9A0C5427070A950040C839 /* Main.storyboard */; };
		DD9A0C5B27070A960040C839 /* Assets.xcassets in Resources */ = {isa = PBXBuildFile; fileRef = DD9A0C5A27070A960040C839 /* Assets.xcassets */; };
		DD9A0C5E27070A960040C839 /* LaunchScreen.storyboard in Resources */ = {isa = PBXBuildFile; fileRef = DD9A0C5C27070A960040C839 /* LaunchScreen.storyboard */; };
		DD9A0C6D27070B340040C839 /* Extensions.swift in Sources */ = {isa = PBXBuildFile; fileRef = DD9A0C6C27070B340040C839 /* Extensions.swift */; };
		DD9A0C7227070C330040C839 /* Database.storyboard in Resources */ = {isa = PBXBuildFile; fileRef = DD9A0C7127070C330040C839 /* Database.storyboard */; };
		DD9A0C76270712A10040C839 /* DatabaseMainButton.swift in Sources */ = {isa = PBXBuildFile; fileRef = DD9A0C75270712A10040C839 /* DatabaseMainButton.swift */; };
		DD9A0C7B270713E30040C839 /* DatabaseMainViewController.swift in Sources */ = {isa = PBXBuildFile; fileRef = DD9A0C7A270713E30040C839 /* DatabaseMainViewController.swift */; };
		DD9A0C80270715BD0040C839 /* CreateStudentViewController.swift in Sources */ = {isa = PBXBuildFile; fileRef = DD9A0C7F270715BD0040C839 /* CreateStudentViewController.swift */; };
		DD9A0C83270715D60040C839 /* CreateGroupViewController.swift in Sources */ = {isa = PBXBuildFile; fileRef = DD9A0C82270715D60040C839 /* CreateGroupViewController.swift */; };
		DD9A0C86270718D40040C839 /* SaveButton.swift in Sources */ = {isa = PBXBuildFile; fileRef = DD9A0C85270718D40040C839 /* SaveButton.swift */; };
		DD9A0CAB2707444D0040C839 /* CreateInstruсtorViewController.swift in Sources */ = {isa = PBXBuildFile; fileRef = DD9A0CAA2707444D0040C839 /* CreateInstruсtorViewController.swift */; };
		DDB53C81272C3F8F009B69CF /* Administrator.swift in Sources */ = {isa = PBXBuildFile; fileRef = DDB53C80272C3F8F009B69CF /* Administrator.swift */; };
		DDB53C86272C4139009B69CF /* Exam.swift in Sources */ = {isa = PBXBuildFile; fileRef = DDB53C85272C4139009B69CF /* Exam.swift */; };
		DDB53C89272C41FC009B69CF /* Teacher.swift in Sources */ = {isa = PBXBuildFile; fileRef = DDB53C88272C41FC009B69CF /* Teacher.swift */; };
		DDB53C8F272C4859009B69CF /* Agreement.swift in Sources */ = {isa = PBXBuildFile; fileRef = DDB53C8E272C4859009B69CF /* Agreement.swift */; };
		DDD0D32A271C8F400017A160 /* CarParkViewController.swift in Sources */ = {isa = PBXBuildFile; fileRef = DDD0D329271C8F400017A160 /* CarParkViewController.swift */; };
		DDD412C82730833300E7107F /* ExamCollectionViewCell.swift in Sources */ = {isa = PBXBuildFile; fileRef = DDD412C62730833300E7107F /* ExamCollectionViewCell.swift */; };
		DDD412C92730833300E7107F /* ExamCollectionViewCell.xib in Resources */ = {isa = PBXBuildFile; fileRef = DDD412C72730833300E7107F /* ExamCollectionViewCell.xib */; };
		DDEC16A8271DC19F007BF181 /* AgreementsViewController.swift in Sources */ = {isa = PBXBuildFile; fileRef = DDEC16A7271DC19F007BF181 /* AgreementsViewController.swift */; };
		DDEC16AD271DC27E007BF181 /* AgreementTableViewCell.swift in Sources */ = {isa = PBXBuildFile; fileRef = DDEC16AB271DC27E007BF181 /* AgreementTableViewCell.swift */; };
		DDEC16AE271DC27E007BF181 /* AgreementTableViewCell.xib in Resources */ = {isa = PBXBuildFile; fileRef = DDEC16AC271DC27E007BF181 /* AgreementTableViewCell.xib */; };
		DDF02DC027300D1100F372B2 /* NetworkManager.swift in Sources */ = {isa = PBXBuildFile; fileRef = DDF02DBF27300D1100F372B2 /* NetworkManager.swift */; };
/* End PBXBuildFile section */

/* Begin PBXFileReference section */
		DD1490D2270B97FD000ACD8F /* InstructorCell.swift */ = {isa = PBXFileReference; lastKnownFileType = sourcecode.swift; path = InstructorCell.swift; sourceTree = "<group>"; };
		DD1490D3270B97FD000ACD8F /* InstructorCell.xib */ = {isa = PBXFileReference; lastKnownFileType = file.xib; path = InstructorCell.xib; sourceTree = "<group>"; };
		DD1490D7270B983D000ACD8F /* Instructor.swift */ = {isa = PBXFileReference; lastKnownFileType = sourcecode.swift; path = Instructor.swift; sourceTree = "<group>"; };
		DD43124C2719B2390009B35E /* StudentsViewController.swift */ = {isa = PBXFileReference; lastKnownFileType = sourcecode.swift; path = StudentsViewController.swift; sourceTree = "<group>"; };
		DD5B16CA270A2410007E5C38 /* StudentTableViewCell.swift */ = {isa = PBXFileReference; lastKnownFileType = sourcecode.swift; path = StudentTableViewCell.swift; sourceTree = "<group>"; };
		DD5B16CB270A2410007E5C38 /* StudentTableViewCell.xib */ = {isa = PBXFileReference; lastKnownFileType = file.xib; path = StudentTableViewCell.xib; sourceTree = "<group>"; };
		DD5B16D0270A2465007E5C38 /* Student.swift */ = {isa = PBXFileReference; lastKnownFileType = sourcecode.swift; path = Student.swift; sourceTree = "<group>"; };
		DD5B16D6270A3F2A007E5C38 /* Instructors.storyboard */ = {isa = PBXFileReference; lastKnownFileType = file.storyboard; path = Instructors.storyboard; sourceTree = "<group>"; };
		DD5B16D9270A3F32007E5C38 /* Exams.storyboard */ = {isa = PBXFileReference; lastKnownFileType = file.storyboard; path = Exams.storyboard; sourceTree = "<group>"; };
		DD5B16E0270A4053007E5C38 /* InstructorsViewController.swift */ = {isa = PBXFileReference; lastKnownFileType = sourcecode.swift; path = InstructorsViewController.swift; sourceTree = "<group>"; };
		DD5B16E3270A405B007E5C38 /* ExamsViewController.swift */ = {isa = PBXFileReference; lastKnownFileType = sourcecode.swift; path = ExamsViewController.swift; sourceTree = "<group>"; };
		DD62C83A270A083500910092 /* Groups.storyboard */ = {isa = PBXFileReference; lastKnownFileType = file.storyboard; path = Groups.storyboard; sourceTree = "<group>"; };
		DD62C83E270A08A500910092 /* GroupsViewController.swift */ = {isa = PBXFileReference; lastKnownFileType = sourcecode.swift; path = GroupsViewController.swift; sourceTree = "<group>"; };
		DD62C843270A0D9800910092 /* Group.swift */ = {isa = PBXFileReference; lastKnownFileType = sourcecode.swift; path = Group.swift; sourceTree = "<group>"; };
		DD62C847270A0E6D00910092 /* GroupCell.swift */ = {isa = PBXFileReference; lastKnownFileType = sourcecode.swift; path = GroupCell.swift; sourceTree = "<group>"; };
		DD62C848270A0E6D00910092 /* GroupCell.xib */ = {isa = PBXFileReference; lastKnownFileType = file.xib; path = GroupCell.xib; sourceTree = "<group>"; };
		DD6DFEDF271C134C0073F63F /* InstructorTableViewCell.swift */ = {isa = PBXFileReference; lastKnownFileType = sourcecode.swift; path = InstructorTableViewCell.swift; sourceTree = "<group>"; };
		DD6DFEE0271C134C0073F63F /* InstructorTableViewCell.xib */ = {isa = PBXFileReference; lastKnownFileType = file.xib; path = InstructorTableViewCell.xib; sourceTree = "<group>"; };
		DD6DFEE4271C1ACF0073F63F /* CreateAdministratorViewController.swift */ = {isa = PBXFileReference; lastKnownFileType = sourcecode.swift; path = CreateAdministratorViewController.swift; sourceTree = "<group>"; };
		DD6DFEE7271C1B990073F63F /* CreateAgreementViewController.swift */ = {isa = PBXFileReference; lastKnownFileType = sourcecode.swift; path = CreateAgreementViewController.swift; sourceTree = "<group>"; };
		DD6DFEEB271C1BC80073F63F /* CreateTeacherViewController.swift */ = {isa = PBXFileReference; lastKnownFileType = sourcecode.swift; path = CreateTeacherViewController.swift; sourceTree = "<group>"; };
		DD6DFEF0271C33CE0073F63F /* Administration.storyboard */ = {isa = PBXFileReference; lastKnownFileType = file.storyboard; path = Administration.storyboard; sourceTree = "<group>"; };
		DD6DFEF4271C35570073F63F /* AdministrationViewController.swift */ = {isa = PBXFileReference; lastKnownFileType = sourcecode.swift; path = AdministrationViewController.swift; sourceTree = "<group>"; };
		DD6DFF02271C3D650073F63F /* SPAlertView.swift */ = {isa = PBXFileReference; fileEncoding = 4; lastKnownFileType = sourcecode.swift; path = SPAlertView.swift; sourceTree = "<group>"; };
		DD6DFF04271C3D650073F63F /* SPAlertLayout.swift */ = {isa = PBXFileReference; fileEncoding = 4; lastKnownFileType = sourcecode.swift; path = SPAlertLayout.swift; sourceTree = "<group>"; };
		DD6DFF06271C3D650073F63F /* UILabelExtension.swift */ = {isa = PBXFileReference; fileEncoding = 4; lastKnownFileType = sourcecode.swift; path = UILabelExtension.swift; sourceTree = "<group>"; };
		DD6DFF07271C3D650073F63F /* UIFontExtension.swift */ = {isa = PBXFileReference; fileEncoding = 4; lastKnownFileType = sourcecode.swift; path = UIFontExtension.swift; sourceTree = "<group>"; };
		DD6DFF08271C3D650073F63F /* SwiftUIExtension.swift */ = {isa = PBXFileReference; fileEncoding = 4; lastKnownFileType = sourcecode.swift; path = SwiftUIExtension.swift; sourceTree = "<group>"; };
		DD6DFF0A271C3D650073F63F /* SPAlertIconHeartView.swift */ = {isa = PBXFileReference; fileEncoding = 4; lastKnownFileType = sourcecode.swift; path = SPAlertIconHeartView.swift; sourceTree = "<group>"; };
		DD6DFF0B271C3D650073F63F /* SPAlertIconErrorView.swift */ = {isa = PBXFileReference; fileEncoding = 4; lastKnownFileType = sourcecode.swift; path = SPAlertIconErrorView.swift; sourceTree = "<group>"; };
		DD6DFF0C271C3D650073F63F /* SPAlertIconDoneView.swift */ = {isa = PBXFileReference; fileEncoding = 4; lastKnownFileType = sourcecode.swift; path = SPAlertIconDoneView.swift; sourceTree = "<group>"; };
		DD6DFF0D271C3D650073F63F /* SPAlertIconPreset.swift */ = {isa = PBXFileReference; fileEncoding = 4; lastKnownFileType = sourcecode.swift; path = SPAlertIconPreset.swift; sourceTree = "<group>"; };
		DD6DFF0F271C3D650073F63F /* SPAlertIconAnimatable.swift */ = {isa = PBXFileReference; fileEncoding = 4; lastKnownFileType = sourcecode.swift; path = SPAlertIconAnimatable.swift; sourceTree = "<group>"; };
		DD6DFF11271C3D650073F63F /* SPAlertHaptic.swift */ = {isa = PBXFileReference; fileEncoding = 4; lastKnownFileType = sourcecode.swift; path = SPAlertHaptic.swift; sourceTree = "<group>"; };
		DD6DFF12271C3D650073F63F /* SPAlert.swift */ = {isa = PBXFileReference; fileEncoding = 4; lastKnownFileType = sourcecode.swift; path = SPAlert.swift; sourceTree = "<group>"; };
		DD6DFF23271C51B30073F63F /* DriverLicense.swift */ = {isa = PBXFileReference; lastKnownFileType = sourcecode.swift; path = DriverLicense.swift; sourceTree = "<group>"; };
		DD6DFF26271C6B190073F63F /* AdministratorTableViewCell.swift */ = {isa = PBXFileReference; lastKnownFileType = sourcecode.swift; path = AdministratorTableViewCell.swift; sourceTree = "<group>"; };
		DD6DFF27271C6B190073F63F /* AdministratorTableViewCell.xib */ = {isa = PBXFileReference; lastKnownFileType = file.xib; path = AdministratorTableViewCell.xib; sourceTree = "<group>"; };
		DD6DFF2B271C70090073F63F /* Car.swift */ = {isa = PBXFileReference; lastKnownFileType = sourcecode.swift; path = Car.swift; sourceTree = "<group>"; };
		DD6DFF2E271C713D0073F63F /* CarTableViewCell.swift */ = {isa = PBXFileReference; lastKnownFileType = sourcecode.swift; path = CarTableViewCell.swift; sourceTree = "<group>"; };
		DD6DFF2F271C713D0073F63F /* CarTableViewCell.xib */ = {isa = PBXFileReference; lastKnownFileType = file.xib; path = CarTableViewCell.xib; sourceTree = "<group>"; };
		DD70501C271B7D29005894F3 /* TeacherTableViewCell.swift */ = {isa = PBXFileReference; lastKnownFileType = sourcecode.swift; path = TeacherTableViewCell.swift; sourceTree = "<group>"; };
		DD70501D271B7D29005894F3 /* TeacherTableViewCell.xib */ = {isa = PBXFileReference; lastKnownFileType = file.xib; path = TeacherTableViewCell.xib; sourceTree = "<group>"; };
		DD801085270C68A20062955B /* CreateCarViewController.swift */ = {isa = PBXFileReference; lastKnownFileType = sourcecode.swift; path = CreateCarViewController.swift; sourceTree = "<group>"; };
		DD801088270C68AF0062955B /* CreateExamViewController.swift */ = {isa = PBXFileReference; lastKnownFileType = sourcecode.swift; path = CreateExamViewController.swift; sourceTree = "<group>"; };
		DD9A0C4B27070A950040C839 /* Autoschool.app */ = {isa = PBXFileReference; explicitFileType = wrapper.application; includeInIndex = 0; path = Autoschool.app; sourceTree = BUILT_PRODUCTS_DIR; };
		DD9A0C4E27070A950040C839 /* AppDelegate.swift */ = {isa = PBXFileReference; lastKnownFileType = sourcecode.swift; path = AppDelegate.swift; sourceTree = "<group>"; };
		DD9A0C5027070A950040C839 /* SceneDelegate.swift */ = {isa = PBXFileReference; lastKnownFileType = sourcecode.swift; path = SceneDelegate.swift; sourceTree = "<group>"; };
		DD9A0C5527070A950040C839 /* Base */ = {isa = PBXFileReference; lastKnownFileType = file.storyboard; name = Base; path = Base.lproj/Main.storyboard; sourceTree = "<group>"; };
		DD9A0C5A27070A960040C839 /* Assets.xcassets */ = {isa = PBXFileReference; lastKnownFileType = folder.assetcatalog; path = Assets.xcassets; sourceTree = "<group>"; };
		DD9A0C5D27070A960040C839 /* Base */ = {isa = PBXFileReference; lastKnownFileType = file.storyboard; name = Base; path = Base.lproj/LaunchScreen.storyboard; sourceTree = "<group>"; };
		DD9A0C5F27070A960040C839 /* Info.plist */ = {isa = PBXFileReference; lastKnownFileType = text.plist.xml; path = Info.plist; sourceTree = "<group>"; };
		DD9A0C6C27070B340040C839 /* Extensions.swift */ = {isa = PBXFileReference; lastKnownFileType = sourcecode.swift; path = Extensions.swift; sourceTree = "<group>"; };
		DD9A0C7127070C330040C839 /* Database.storyboard */ = {isa = PBXFileReference; lastKnownFileType = file.storyboard; path = Database.storyboard; sourceTree = "<group>"; };
		DD9A0C75270712A10040C839 /* DatabaseMainButton.swift */ = {isa = PBXFileReference; fileEncoding = 4; lastKnownFileType = sourcecode.swift; path = DatabaseMainButton.swift; sourceTree = "<group>"; };
		DD9A0C7A270713E30040C839 /* DatabaseMainViewController.swift */ = {isa = PBXFileReference; lastKnownFileType = sourcecode.swift; path = DatabaseMainViewController.swift; sourceTree = "<group>"; };
		DD9A0C7F270715BD0040C839 /* CreateStudentViewController.swift */ = {isa = PBXFileReference; lastKnownFileType = sourcecode.swift; path = CreateStudentViewController.swift; sourceTree = "<group>"; };
		DD9A0C82270715D60040C839 /* CreateGroupViewController.swift */ = {isa = PBXFileReference; lastKnownFileType = sourcecode.swift; path = CreateGroupViewController.swift; sourceTree = "<group>"; };
		DD9A0C85270718D40040C839 /* SaveButton.swift */ = {isa = PBXFileReference; lastKnownFileType = sourcecode.swift; path = SaveButton.swift; sourceTree = "<group>"; };
		DD9A0CAA2707444D0040C839 /* CreateInstruсtorViewController.swift */ = {isa = PBXFileReference; lastKnownFileType = sourcecode.swift; path = "CreateInstruсtorViewController.swift"; sourceTree = "<group>"; };
		DDB53C80272C3F8F009B69CF /* Administrator.swift */ = {isa = PBXFileReference; lastKnownFileType = sourcecode.swift; path = Administrator.swift; sourceTree = "<group>"; };
		DDB53C85272C4139009B69CF /* Exam.swift */ = {isa = PBXFileReference; lastKnownFileType = sourcecode.swift; path = Exam.swift; sourceTree = "<group>"; };
		DDB53C88272C41FC009B69CF /* Teacher.swift */ = {isa = PBXFileReference; lastKnownFileType = sourcecode.swift; path = Teacher.swift; sourceTree = "<group>"; };
		DDB53C8E272C4859009B69CF /* Agreement.swift */ = {isa = PBXFileReference; lastKnownFileType = sourcecode.swift; path = Agreement.swift; sourceTree = "<group>"; };
		DDD0D329271C8F400017A160 /* CarParkViewController.swift */ = {isa = PBXFileReference; lastKnownFileType = sourcecode.swift; path = CarParkViewController.swift; sourceTree = "<group>"; };
		DDD412C62730833300E7107F /* ExamCollectionViewCell.swift */ = {isa = PBXFileReference; lastKnownFileType = sourcecode.swift; path = ExamCollectionViewCell.swift; sourceTree = "<group>"; };
		DDD412C72730833300E7107F /* ExamCollectionViewCell.xib */ = {isa = PBXFileReference; lastKnownFileType = file.xib; path = ExamCollectionViewCell.xib; sourceTree = "<group>"; };
		DDEC16A7271DC19F007BF181 /* AgreementsViewController.swift */ = {isa = PBXFileReference; lastKnownFileType = sourcecode.swift; path = AgreementsViewController.swift; sourceTree = "<group>"; };
		DDEC16AB271DC27E007BF181 /* AgreementTableViewCell.swift */ = {isa = PBXFileReference; lastKnownFileType = sourcecode.swift; path = AgreementTableViewCell.swift; sourceTree = "<group>"; };
		DDEC16AC271DC27E007BF181 /* AgreementTableViewCell.xib */ = {isa = PBXFileReference; lastKnownFileType = file.xib; path = AgreementTableViewCell.xib; sourceTree = "<group>"; };
		DDF02DBF27300D1100F372B2 /* NetworkManager.swift */ = {isa = PBXFileReference; lastKnownFileType = sourcecode.swift; path = NetworkManager.swift; sourceTree = "<group>"; };
/* End PBXFileReference section */

/* Begin PBXFrameworksBuildPhase section */
		DD9A0C4827070A950040C839 /* Frameworks */ = {
			isa = PBXFrameworksBuildPhase;
			buildActionMask = 2147483647;
			files = (
			);
			runOnlyForDeploymentPostprocessing = 0;
		};
/* End PBXFrameworksBuildPhase section */

/* Begin PBXGroup section */
		DD5B16C9270A23F0007E5C38 /* TableViewCells */ = {
			isa = PBXGroup;
			children = (
				DDEC16AA271DC262007BF181 /* Agreement */,
				DD6DFF33271C71460073F63F /* Student */,
				DD6DFF35271C71500073F63F /* Teacher */,
				DD6DFF37271C715A0073F63F /* Instructor */,
				DD6DFF39271C71640073F63F /* Administrator */,
				DD6DFF3B271C716A0073F63F /* Car */,
			);
			path = TableViewCells;
			sourceTree = "<group>";
		};
		DD5B16DD270A3FFF007E5C38 /* Instructors Controllers */ = {
			isa = PBXGroup;
			children = (
				DD5B16E0270A4053007E5C38 /* InstructorsViewController.swift */,
				DDD0D329271C8F400017A160 /* CarParkViewController.swift */,
			);
			path = "Instructors Controllers";
			sourceTree = "<group>";
		};
		DD5B16DE270A4014007E5C38 /* Exams Controllers */ = {
			isa = PBXGroup;
			children = (
				DD5B16E3270A405B007E5C38 /* ExamsViewController.swift */,
			);
			path = "Exams Controllers";
			sourceTree = "<group>";
		};
		DD62C83D270A089300910092 /* Groups Controllers */ = {
			isa = PBXGroup;
			children = (
				DD62C83E270A08A500910092 /* GroupsViewController.swift */,
				DD43124C2719B2390009B35E /* StudentsViewController.swift */,
			);
			path = "Groups Controllers";
			sourceTree = "<group>";
		};
		DD62C846270A0E4F00910092 /* CollectionViewCells */ = {
			isa = PBXGroup;
			children = (
				DD62C847270A0E6D00910092 /* GroupCell.swift */,
				DD62C848270A0E6D00910092 /* GroupCell.xib */,
				DD1490D2270B97FD000ACD8F /* InstructorCell.swift */,
				DD1490D3270B97FD000ACD8F /* InstructorCell.xib */,
				DDD412C62730833300E7107F /* ExamCollectionViewCell.swift */,
				DDD412C72730833300E7107F /* ExamCollectionViewCell.xib */,
			);
			path = CollectionViewCells;
			sourceTree = "<group>";
		};
		DD6DFEEF271C32060073F63F /* Administration Controllers */ = {
			isa = PBXGroup;
			children = (
				DD6DFEF4271C35570073F63F /* AdministrationViewController.swift */,
				DDEC16A7271DC19F007BF181 /* AgreementsViewController.swift */,
			);
			path = "Administration Controllers";
			sourceTree = "<group>";
		};
		DD6DFF00271C3D650073F63F /* Sources */ = {
			isa = PBXGroup;
			children = (
				DD6DFF01271C3D650073F63F /* SPAlert */,
			);
			path = Sources;
			sourceTree = "<group>";
		};
		DD6DFF01271C3D650073F63F /* SPAlert */ = {
			isa = PBXGroup;
			children = (
				DD6DFF02271C3D650073F63F /* SPAlertView.swift */,
				DD6DFF03271C3D650073F63F /* Models */,
				DD6DFF05271C3D650073F63F /* Extensions */,
				DD6DFF09271C3D650073F63F /* Icons */,
				DD6DFF0D271C3D650073F63F /* SPAlertIconPreset.swift */,
				DD6DFF0E271C3D650073F63F /* Protocols */,
				DD6DFF10271C3D650073F63F /* Services */,
				DD6DFF12271C3D650073F63F /* SPAlert.swift */,
			);
			path = SPAlert;
			sourceTree = "<group>";
		};
		DD6DFF03271C3D650073F63F /* Models */ = {
			isa = PBXGroup;
			children = (
				DD6DFF04271C3D650073F63F /* SPAlertLayout.swift */,
			);
			path = Models;
			sourceTree = "<group>";
		};
		DD6DFF05271C3D650073F63F /* Extensions */ = {
			isa = PBXGroup;
			children = (
				DD6DFF06271C3D650073F63F /* UILabelExtension.swift */,
				DD6DFF07271C3D650073F63F /* UIFontExtension.swift */,
				DD6DFF08271C3D650073F63F /* SwiftUIExtension.swift */,
			);
			path = Extensions;
			sourceTree = "<group>";
		};
		DD6DFF09271C3D650073F63F /* Icons */ = {
			isa = PBXGroup;
			children = (
				DD6DFF0A271C3D650073F63F /* SPAlertIconHeartView.swift */,
				DD6DFF0B271C3D650073F63F /* SPAlertIconErrorView.swift */,
				DD6DFF0C271C3D650073F63F /* SPAlertIconDoneView.swift */,
			);
			path = Icons;
			sourceTree = "<group>";
		};
		DD6DFF0E271C3D650073F63F /* Protocols */ = {
			isa = PBXGroup;
			children = (
				DD6DFF0F271C3D650073F63F /* SPAlertIconAnimatable.swift */,
			);
			path = Protocols;
			sourceTree = "<group>";
		};
		DD6DFF10271C3D650073F63F /* Services */ = {
			isa = PBXGroup;
			children = (
				DD6DFF11271C3D650073F63F /* SPAlertHaptic.swift */,
			);
			path = Services;
			sourceTree = "<group>";
		};
		DD6DFF33271C71460073F63F /* Student */ = {
			isa = PBXGroup;
			children = (
				DD5B16CA270A2410007E5C38 /* StudentTableViewCell.swift */,
				DD5B16CB270A2410007E5C38 /* StudentTableViewCell.xib */,
			);
			path = Student;
			sourceTree = "<group>";
		};
		DD6DFF35271C71500073F63F /* Teacher */ = {
			isa = PBXGroup;
			children = (
				DD70501C271B7D29005894F3 /* TeacherTableViewCell.swift */,
				DD70501D271B7D29005894F3 /* TeacherTableViewCell.xib */,
			);
			path = Teacher;
			sourceTree = "<group>";
		};
		DD6DFF37271C715A0073F63F /* Instructor */ = {
			isa = PBXGroup;
			children = (
				DD6DFEDF271C134C0073F63F /* InstructorTableViewCell.swift */,
				DD6DFEE0271C134C0073F63F /* InstructorTableViewCell.xib */,
			);
			path = Instructor;
			sourceTree = "<group>";
		};
		DD6DFF39271C71640073F63F /* Administrator */ = {
			isa = PBXGroup;
			children = (
				DD6DFF26271C6B190073F63F /* AdministratorTableViewCell.swift */,
				DD6DFF27271C6B190073F63F /* AdministratorTableViewCell.xib */,
			);
			path = Administrator;
			sourceTree = "<group>";
		};
		DD6DFF3B271C716A0073F63F /* Car */ = {
			isa = PBXGroup;
			children = (
				DD6DFF2E271C713D0073F63F /* CarTableViewCell.swift */,
				DD6DFF2F271C713D0073F63F /* CarTableViewCell.xib */,
			);
			path = Car;
			sourceTree = "<group>";
		};
		DD9A0C4227070A950040C839 = {
			isa = PBXGroup;
			children = (
				DD9A0C4D27070A950040C839 /* Autoschool */,
				DD9A0C4C27070A950040C839 /* Products */,
			);
			sourceTree = "<group>";
		};
		DD9A0C4C27070A950040C839 /* Products */ = {
			isa = PBXGroup;
			children = (
				DD9A0C4B27070A950040C839 /* Autoschool.app */,
			);
			name = Products;
			sourceTree = "<group>";
		};
		DD9A0C4D27070A950040C839 /* Autoschool */ = {
			isa = PBXGroup;
			children = (
				DDF02DBE27300CFF00F372B2 /* Networking */,
				DD5B16C9270A23F0007E5C38 /* TableViewCells */,
				DD62C846270A0E4F00910092 /* CollectionViewCells */,
				DD9A0C6927070AC50040C839 /* Controllers */,
				DD9A0C6727070AB30040C839 /* Storyboards */,
				DD9A0C6A27070AE70040C839 /* Model */,
				DD9A0C6827070AB90040C839 /* Utilities */,
				DD9A0C6627070AA50040C839 /* Application files */,
				DD9A0C5F27070A960040C839 /* Info.plist */,
				DD6DFF00271C3D650073F63F /* Sources */,
			);
			path = Autoschool;
			sourceTree = "<group>";
		};
		DD9A0C6627070AA50040C839 /* Application files */ = {
			isa = PBXGroup;
			children = (
				DD9A0C5A27070A960040C839 /* Assets.xcassets */,
				DD9A0C4E27070A950040C839 /* AppDelegate.swift */,
				DD9A0C5027070A950040C839 /* SceneDelegate.swift */,
			);
			path = "Application files";
			sourceTree = "<group>";
		};
		DD9A0C6727070AB30040C839 /* Storyboards */ = {
			isa = PBXGroup;
			children = (
				DD9A0C5C27070A960040C839 /* LaunchScreen.storyboard */,
				DD9A0C5427070A950040C839 /* Main.storyboard */,
				DD9A0C7127070C330040C839 /* Database.storyboard */,
				DD62C83A270A083500910092 /* Groups.storyboard */,
				DD5B16D6270A3F2A007E5C38 /* Instructors.storyboard */,
				DD5B16D9270A3F32007E5C38 /* Exams.storyboard */,
				DD6DFEF0271C33CE0073F63F /* Administration.storyboard */,
			);
			path = Storyboards;
			sourceTree = "<group>";
		};
		DD9A0C6827070AB90040C839 /* Utilities */ = {
			isa = PBXGroup;
			children = (
				DD9A0C75270712A10040C839 /* DatabaseMainButton.swift */,
				DD9A0C6C27070B340040C839 /* Extensions.swift */,
				DD9A0C85270718D40040C839 /* SaveButton.swift */,
			);
			path = Utilities;
			sourceTree = "<group>";
		};
		DD9A0C6927070AC50040C839 /* Controllers */ = {
			isa = PBXGroup;
			children = (
				DD9A0C7D270713E60040C839 /* Database Controllers */,
				DD62C83D270A089300910092 /* Groups Controllers */,
				DD5B16DD270A3FFF007E5C38 /* Instructors Controllers */,
				DD5B16DE270A4014007E5C38 /* Exams Controllers */,
				DD6DFEEF271C32060073F63F /* Administration Controllers */,
			);
			path = Controllers;
			sourceTree = "<group>";
		};
		DD9A0C6A27070AE70040C839 /* Model */ = {
			isa = PBXGroup;
			children = (
				DDB53C85272C4139009B69CF /* Exam.swift */,
				DD62C843270A0D9800910092 /* Group.swift */,
				DD5B16D0270A2465007E5C38 /* Student.swift */,
				DD1490D7270B983D000ACD8F /* Instructor.swift */,
				DD6DFF23271C51B30073F63F /* DriverLicense.swift */,
				DD6DFF2B271C70090073F63F /* Car.swift */,
				DDB53C80272C3F8F009B69CF /* Administrator.swift */,
				DDB53C88272C41FC009B69CF /* Teacher.swift */,
				DDB53C8E272C4859009B69CF /* Agreement.swift */,
			);
			path = Model;
			sourceTree = "<group>";
		};
		DD9A0C7D270713E60040C839 /* Database Controllers */ = {
			isa = PBXGroup;
			children = (
				DD9A0C7A270713E30040C839 /* DatabaseMainViewController.swift */,
				DD6DFEE4271C1ACF0073F63F /* CreateAdministratorViewController.swift */,
				DD9A0C7F270715BD0040C839 /* CreateStudentViewController.swift */,
				DD6DFEE7271C1B990073F63F /* CreateAgreementViewController.swift */,
				DD9A0CAA2707444D0040C839 /* CreateInstruсtorViewController.swift */,
				DD801085270C68A20062955B /* CreateCarViewController.swift */,
				DD9A0C82270715D60040C839 /* CreateGroupViewController.swift */,
				DD6DFEEB271C1BC80073F63F /* CreateTeacherViewController.swift */,
				DD801088270C68AF0062955B /* CreateExamViewController.swift */,
			);
			path = "Database Controllers";
			sourceTree = "<group>";
		};
		DDEC16AA271DC262007BF181 /* Agreement */ = {
			isa = PBXGroup;
			children = (
				DDEC16AB271DC27E007BF181 /* AgreementTableViewCell.swift */,
				DDEC16AC271DC27E007BF181 /* AgreementTableViewCell.xib */,
			);
			path = Agreement;
			sourceTree = "<group>";
		};
		DDF02DBE27300CFF00F372B2 /* Networking */ = {
			isa = PBXGroup;
			children = (
				DDF02DBF27300D1100F372B2 /* NetworkManager.swift */,
			);
			path = Networking;
			sourceTree = "<group>";
		};
/* End PBXGroup section */

/* Begin PBXNativeTarget section */
		DD9A0C4A27070A950040C839 /* Autoschool */ = {
			isa = PBXNativeTarget;
			buildConfigurationList = DD9A0C6227070A960040C839 /* Build configuration list for PBXNativeTarget "Autoschool" */;
			buildPhases = (
				DD9A0C4727070A950040C839 /* Sources */,
				DD9A0C4827070A950040C839 /* Frameworks */,
				DD9A0C4927070A950040C839 /* Resources */,
			);
			buildRules = (
			);
			dependencies = (
			);
			name = Autoschool;
			packageProductDependencies = (
			);
			productName = Autoschool;
			productReference = DD9A0C4B27070A950040C839 /* Autoschool.app */;
			productType = "com.apple.product-type.application";
		};
/* End PBXNativeTarget section */

/* Begin PBXProject section */
		DD9A0C4327070A950040C839 /* Project object */ = {
			isa = PBXProject;
			attributes = {
				LastSwiftUpdateCheck = 1240;
				LastUpgradeCheck = 1240;
				TargetAttributes = {
					DD9A0C4A27070A950040C839 = {
						CreatedOnToolsVersion = 12.4;
					};
				};
			};
			buildConfigurationList = DD9A0C4627070A950040C839 /* Build configuration list for PBXProject "Autoschool" */;
			compatibilityVersion = "Xcode 9.3";
			developmentRegion = en;
			hasScannedForEncodings = 0;
			knownRegions = (
				en,
				Base,
			);
			mainGroup = DD9A0C4227070A950040C839;
			packageReferences = (
			);
			productRefGroup = DD9A0C4C27070A950040C839 /* Products */;
			projectDirPath = "";
			projectRoot = "";
			targets = (
				DD9A0C4A27070A950040C839 /* Autoschool */,
			);
		};
/* End PBXProject section */

/* Begin PBXResourcesBuildPhase section */
		DD9A0C4927070A950040C839 /* Resources */ = {
			isa = PBXResourcesBuildPhase;
			buildActionMask = 2147483647;
			files = (
				DDD412C92730833300E7107F /* ExamCollectionViewCell.xib in Resources */,
				DD6DFEE2271C134C0073F63F /* InstructorTableViewCell.xib in Resources */,
				DD1490D5270B97FD000ACD8F /* InstructorCell.xib in Resources */,
				DD9A0C5E27070A960040C839 /* LaunchScreen.storyboard in Resources */,
				DD62C84A270A0E6D00910092 /* GroupCell.xib in Resources */,
				DD9A0C5B27070A960040C839 /* Assets.xcassets in Resources */,
				DD62C83B270A083500910092 /* Groups.storyboard in Resources */,
				DDEC16AE271DC27E007BF181 /* AgreementTableViewCell.xib in Resources */,
				DD9A0C5627070A950040C839 /* Main.storyboard in Resources */,
				DD6DFF29271C6B190073F63F /* AdministratorTableViewCell.xib in Resources */,
				DD5B16DA270A3F32007E5C38 /* Exams.storyboard in Resources */,
				DD5B16D7270A3F2A007E5C38 /* Instructors.storyboard in Resources */,
				DD70501F271B7D29005894F3 /* TeacherTableViewCell.xib in Resources */,
				DD9A0C7227070C330040C839 /* Database.storyboard in Resources */,
				DD6DFF31271C713D0073F63F /* CarTableViewCell.xib in Resources */,
				DD6DFEF1271C33CE0073F63F /* Administration.storyboard in Resources */,
				DD5B16CD270A2410007E5C38 /* StudentTableViewCell.xib in Resources */,
			);
			runOnlyForDeploymentPostprocessing = 0;
		};
/* End PBXResourcesBuildPhase section */

/* Begin PBXSourcesBuildPhase section */
		DD9A0C4727070A950040C839 /* Sources */ = {
			isa = PBXSourcesBuildPhase;
			buildActionMask = 2147483647;
			files = (
				DD6DFEE1271C134C0073F63F /* InstructorTableViewCell.swift in Sources */,
				DDD412C82730833300E7107F /* ExamCollectionViewCell.swift in Sources */,
				DD6DFF19271C3D650073F63F /* SPAlertIconErrorView.swift in Sources */,
				DDEC16AD271DC27E007BF181 /* AgreementTableViewCell.swift in Sources */,
				DD1490D4270B97FD000ACD8F /* InstructorCell.swift in Sources */,
				DD6DFF16271C3D650073F63F /* UIFontExtension.swift in Sources */,
				DDB53C81272C3F8F009B69CF /* Administrator.swift in Sources */,
				DD9A0C6D27070B340040C839 /* Extensions.swift in Sources */,
				DD6DFEE5271C1ACF0073F63F /* CreateAdministratorViewController.swift in Sources */,
				DD70501E271B7D29005894F3 /* TeacherTableViewCell.swift in Sources */,
				DDEC16A8271DC19F007BF181 /* AgreementsViewController.swift in Sources */,
				DD9A0C83270715D60040C839 /* CreateGroupViewController.swift in Sources */,
				DD62C844270A0D9800910092 /* Group.swift in Sources */,
				DDB53C89272C41FC009B69CF /* Teacher.swift in Sources */,
				DD9A0C76270712A10040C839 /* DatabaseMainButton.swift in Sources */,
				DD801089270C68AF0062955B /* CreateExamViewController.swift in Sources */,
				DD43124D2719B2390009B35E /* StudentsViewController.swift in Sources */,
				DD6DFF30271C713D0073F63F /* CarTableViewCell.swift in Sources */,
				DD9A0C4F27070A950040C839 /* AppDelegate.swift in Sources */,
				DD6DFF1C271C3D650073F63F /* SPAlertIconAnimatable.swift in Sources */,
				DD801086270C68A30062955B /* CreateCarViewController.swift in Sources */,
				DD1490D8270B983D000ACD8F /* Instructor.swift in Sources */,
				DD6DFF2C271C70090073F63F /* Car.swift in Sources */,
				DD6DFF17271C3D650073F63F /* SwiftUIExtension.swift in Sources */,
				DD6DFEF5271C35570073F63F /* AdministrationViewController.swift in Sources */,
				DD6DFF1E271C3D650073F63F /* SPAlert.swift in Sources */,
				DD6DFF13271C3D650073F63F /* SPAlertView.swift in Sources */,
				DD62C83F270A08A500910092 /* GroupsViewController.swift in Sources */,
				DDF02DC027300D1100F372B2 /* NetworkManager.swift in Sources */,
				DD62C849270A0E6D00910092 /* GroupCell.swift in Sources */,
				DD6DFEEC271C1BC80073F63F /* CreateTeacherViewController.swift in Sources */,
				DD6DFF14271C3D650073F63F /* SPAlertLayout.swift in Sources */,
				DD5B16E4270A405B007E5C38 /* ExamsViewController.swift in Sources */,
				DD6DFF1B271C3D650073F63F /* SPAlertIconPreset.swift in Sources */,
				DD6DFF28271C6B190073F63F /* AdministratorTableViewCell.swift in Sources */,
				DDB53C86272C4139009B69CF /* Exam.swift in Sources */,
				DDB53C8F272C4859009B69CF /* Agreement.swift in Sources */,
				DDD0D32A271C8F400017A160 /* CarParkViewController.swift in Sources */,
				DD6DFF1D271C3D650073F63F /* SPAlertHaptic.swift in Sources */,
				DD6DFF24271C51B30073F63F /* DriverLicense.swift in Sources */,
				DD9A0C86270718D40040C839 /* SaveButton.swift in Sources */,
				DD6DFF18271C3D650073F63F /* SPAlertIconHeartView.swift in Sources */,
				DD9A0C7B270713E30040C839 /* DatabaseMainViewController.swift in Sources */,
				DD9A0CAB2707444D0040C839 /* CreateInstruсtorViewController.swift in Sources */,
				DD9A0C5127070A950040C839 /* SceneDelegate.swift in Sources */,
				DD6DFF1A271C3D650073F63F /* SPAlertIconDoneView.swift in Sources */,
				DD5B16E1270A4053007E5C38 /* InstructorsViewController.swift in Sources */,
				DD9A0C80270715BD0040C839 /* CreateStudentViewController.swift in Sources */,
				DD6DFEE8271C1B990073F63F /* CreateAgreementViewController.swift in Sources */,
				DD6DFF15271C3D650073F63F /* UILabelExtension.swift in Sources */,
				DD5B16D1270A2465007E5C38 /* Student.swift in Sources */,
				DD5B16CC270A2410007E5C38 /* StudentTableViewCell.swift in Sources */,
			);
			runOnlyForDeploymentPostprocessing = 0;
		};
/* End PBXSourcesBuildPhase section */

/* Begin PBXVariantGroup section */
		DD9A0C5427070A950040C839 /* Main.storyboard */ = {
			isa = PBXVariantGroup;
			children = (
				DD9A0C5527070A950040C839 /* Base */,
			);
			name = Main.storyboard;
			sourceTree = "<group>";
		};
		DD9A0C5C27070A960040C839 /* LaunchScreen.storyboard */ = {
			isa = PBXVariantGroup;
			children = (
				DD9A0C5D27070A960040C839 /* Base */,
			);
			name = LaunchScreen.storyboard;
			sourceTree = "<group>";
		};
/* End PBXVariantGroup section */

/* Begin XCBuildConfiguration section */
		DD9A0C6027070A960040C839 /* Debug */ = {
			isa = XCBuildConfiguration;
			buildSettings = {
				ALWAYS_SEARCH_USER_PATHS = NO;
				CLANG_ANALYZER_NONNULL = YES;
				CLANG_ANALYZER_NUMBER_OBJECT_CONVERSION = YES_AGGRESSIVE;
				CLANG_CXX_LANGUAGE_STANDARD = "gnu++14";
				CLANG_CXX_LIBRARY = "libc++";
				CLANG_ENABLE_MODULES = YES;
				CLANG_ENABLE_OBJC_ARC = YES;
				CLANG_ENABLE_OBJC_WEAK = YES;
				CLANG_WARN_BLOCK_CAPTURE_AUTORELEASING = YES;
				CLANG_WARN_BOOL_CONVERSION = YES;
				CLANG_WARN_COMMA = YES;
				CLANG_WARN_CONSTANT_CONVERSION = YES;
				CLANG_WARN_DEPRECATED_OBJC_IMPLEMENTATIONS = YES;
				CLANG_WARN_DIRECT_OBJC_ISA_USAGE = YES_ERROR;
				CLANG_WARN_DOCUMENTATION_COMMENTS = YES;
				CLANG_WARN_EMPTY_BODY = YES;
				CLANG_WARN_ENUM_CONVERSION = YES;
				CLANG_WARN_INFINITE_RECURSION = YES;
				CLANG_WARN_INT_CONVERSION = YES;
				CLANG_WARN_NON_LITERAL_NULL_CONVERSION = YES;
				CLANG_WARN_OBJC_IMPLICIT_RETAIN_SELF = YES;
				CLANG_WARN_OBJC_LITERAL_CONVERSION = YES;
				CLANG_WARN_OBJC_ROOT_CLASS = YES_ERROR;
				CLANG_WARN_QUOTED_INCLUDE_IN_FRAMEWORK_HEADER = YES;
				CLANG_WARN_RANGE_LOOP_ANALYSIS = YES;
				CLANG_WARN_STRICT_PROTOTYPES = YES;
				CLANG_WARN_SUSPICIOUS_MOVE = YES;
				CLANG_WARN_UNGUARDED_AVAILABILITY = YES_AGGRESSIVE;
				CLANG_WARN_UNREACHABLE_CODE = YES;
				CLANG_WARN__DUPLICATE_METHOD_MATCH = YES;
				COPY_PHASE_STRIP = NO;
				DEBUG_INFORMATION_FORMAT = dwarf;
				ENABLE_STRICT_OBJC_MSGSEND = YES;
				ENABLE_TESTABILITY = YES;
				GCC_C_LANGUAGE_STANDARD = gnu11;
				GCC_DYNAMIC_NO_PIC = NO;
				GCC_NO_COMMON_BLOCKS = YES;
				GCC_OPTIMIZATION_LEVEL = 0;
				GCC_PREPROCESSOR_DEFINITIONS = (
					"DEBUG=1",
					"$(inherited)",
				);
				GCC_WARN_64_TO_32_BIT_CONVERSION = YES;
				GCC_WARN_ABOUT_RETURN_TYPE = YES_ERROR;
				GCC_WARN_UNDECLARED_SELECTOR = YES;
				GCC_WARN_UNINITIALIZED_AUTOS = YES_AGGRESSIVE;
				GCC_WARN_UNUSED_FUNCTION = YES;
				GCC_WARN_UNUSED_VARIABLE = YES;
				IPHONEOS_DEPLOYMENT_TARGET = 14.4;
				MTL_ENABLE_DEBUG_INFO = INCLUDE_SOURCE;
				MTL_FAST_MATH = YES;
				ONLY_ACTIVE_ARCH = YES;
				SDKROOT = iphoneos;
				SWIFT_ACTIVE_COMPILATION_CONDITIONS = DEBUG;
				SWIFT_OPTIMIZATION_LEVEL = "-Onone";
			};
			name = Debug;
		};
		DD9A0C6127070A960040C839 /* Release */ = {
			isa = XCBuildConfiguration;
			buildSettings = {
				ALWAYS_SEARCH_USER_PATHS = NO;
				CLANG_ANALYZER_NONNULL = YES;
				CLANG_ANALYZER_NUMBER_OBJECT_CONVERSION = YES_AGGRESSIVE;
				CLANG_CXX_LANGUAGE_STANDARD = "gnu++14";
				CLANG_CXX_LIBRARY = "libc++";
				CLANG_ENABLE_MODULES = YES;
				CLANG_ENABLE_OBJC_ARC = YES;
				CLANG_ENABLE_OBJC_WEAK = YES;
				CLANG_WARN_BLOCK_CAPTURE_AUTORELEASING = YES;
				CLANG_WARN_BOOL_CONVERSION = YES;
				CLANG_WARN_COMMA = YES;
				CLANG_WARN_CONSTANT_CONVERSION = YES;
				CLANG_WARN_DEPRECATED_OBJC_IMPLEMENTATIONS = YES;
				CLANG_WARN_DIRECT_OBJC_ISA_USAGE = YES_ERROR;
				CLANG_WARN_DOCUMENTATION_COMMENTS = YES;
				CLANG_WARN_EMPTY_BODY = YES;
				CLANG_WARN_ENUM_CONVERSION = YES;
				CLANG_WARN_INFINITE_RECURSION = YES;
				CLANG_WARN_INT_CONVERSION = YES;
				CLANG_WARN_NON_LITERAL_NULL_CONVERSION = YES;
				CLANG_WARN_OBJC_IMPLICIT_RETAIN_SELF = YES;
				CLANG_WARN_OBJC_LITERAL_CONVERSION = YES;
				CLANG_WARN_OBJC_ROOT_CLASS = YES_ERROR;
				CLANG_WARN_QUOTED_INCLUDE_IN_FRAMEWORK_HEADER = YES;
				CLANG_WARN_RANGE_LOOP_ANALYSIS = YES;
				CLANG_WARN_STRICT_PROTOTYPES = YES;
				CLANG_WARN_SUSPICIOUS_MOVE = YES;
				CLANG_WARN_UNGUARDED_AVAILABILITY = YES_AGGRESSIVE;
				CLANG_WARN_UNREACHABLE_CODE = YES;
				CLANG_WARN__DUPLICATE_METHOD_MATCH = YES;
				COPY_PHASE_STRIP = NO;
				DEBUG_INFORMATION_FORMAT = "dwarf-with-dsym";
				ENABLE_NS_ASSERTIONS = NO;
				ENABLE_STRICT_OBJC_MSGSEND = YES;
				GCC_C_LANGUAGE_STANDARD = gnu11;
				GCC_NO_COMMON_BLOCKS = YES;
				GCC_WARN_64_TO_32_BIT_CONVERSION = YES;
				GCC_WARN_ABOUT_RETURN_TYPE = YES_ERROR;
				GCC_WARN_UNDECLARED_SELECTOR = YES;
				GCC_WARN_UNINITIALIZED_AUTOS = YES_AGGRESSIVE;
				GCC_WARN_UNUSED_FUNCTION = YES;
				GCC_WARN_UNUSED_VARIABLE = YES;
				IPHONEOS_DEPLOYMENT_TARGET = 14.4;
				MTL_ENABLE_DEBUG_INFO = NO;
				MTL_FAST_MATH = YES;
				SDKROOT = iphoneos;
				SWIFT_COMPILATION_MODE = wholemodule;
				SWIFT_OPTIMIZATION_LEVEL = "-O";
				VALIDATE_PRODUCT = YES;
			};
			name = Release;
		};
		DD9A0C6327070A960040C839 /* Debug */ = {
			isa = XCBuildConfiguration;
			buildSettings = {
				ASSETCATALOG_COMPILER_APPICON_NAME = AppIcon;
				ASSETCATALOG_COMPILER_GLOBAL_ACCENT_COLOR_NAME = AccentColor;
				CODE_SIGN_STYLE = Automatic;
				DEVELOPMENT_TEAM = ZGCXWM78C4;
				INFOPLIST_FILE = Autoschool/Info.plist;
				LD_RUNPATH_SEARCH_PATHS = (
					"$(inherited)",
					"@executable_path/Frameworks",
				);
				PRODUCT_BUNDLE_IDENTIFIER = com.rollingscopesschoolstudent.Autoschool;
				PRODUCT_NAME = "$(TARGET_NAME)";
				SWIFT_VERSION = 5.0;
				TARGETED_DEVICE_FAMILY = "1,2";
			};
			name = Debug;
		};
		DD9A0C6427070A960040C839 /* Release */ = {
			isa = XCBuildConfiguration;
			buildSettings = {
				ASSETCATALOG_COMPILER_APPICON_NAME = AppIcon;
				ASSETCATALOG_COMPILER_GLOBAL_ACCENT_COLOR_NAME = AccentColor;
				CODE_SIGN_STYLE = Automatic;
				DEVELOPMENT_TEAM = ZGCXWM78C4;
				INFOPLIST_FILE = Autoschool/Info.plist;
				LD_RUNPATH_SEARCH_PATHS = (
					"$(inherited)",
					"@executable_path/Frameworks",
				);
				PRODUCT_BUNDLE_IDENTIFIER = com.rollingscopesschoolstudent.Autoschool;
				PRODUCT_NAME = "$(TARGET_NAME)";
				SWIFT_VERSION = 5.0;
				TARGETED_DEVICE_FAMILY = "1,2";
			};
			name = Release;
		};
/* End XCBuildConfiguration section */

/* Begin XCConfigurationList section */
		DD9A0C4627070A950040C839 /* Build configuration list for PBXProject "Autoschool" */ = {
			isa = XCConfigurationList;
			buildConfigurations = (
				DD9A0C6027070A960040C839 /* Debug */,
				DD9A0C6127070A960040C839 /* Release */,
			);
			defaultConfigurationIsVisible = 0;
			defaultConfigurationName = Release;
		};
		DD9A0C6227070A960040C839 /* Build configuration list for PBXNativeTarget "Autoschool" */ = {
			isa = XCConfigurationList;
			buildConfigurations = (
				DD9A0C6327070A960040C839 /* Debug */,
				DD9A0C6427070A960040C839 /* Release */,
			);
			defaultConfigurationIsVisible = 0;
			defaultConfigurationName = Release;
		};
/* End XCConfigurationList section */
	};
	rootObject = DD9A0C4327070A950040C839 /* Project object */;
}
